<?xml version="1.0" encoding="UTF-8"?>
<CONFIG>
  <ProjectOptions>
    <Version Value="11"/>
    <General>
      <Flags>
        <SaveOnlyProjectUnits Value="True"/>
        <MainUnitHasCreateFormStatements Value="False"/>
        <MainUnitHasTitleStatement Value="False"/>
        <MainUnitHasScaledStatement Value="False"/>
      </Flags>
      <MainUnit Value="0"/>
      <Title Value="Test_libsagui"/>
      <UseAppBundle Value="False"/>
      <ResourceType Value="res"/>
    </General>
    <BuildModes Count="1" Active="Default">
      <Item1 Name="Default" Default="True"/>
    </BuildModes>
    <PublishOptions>
      <Version Value="2"/>
    </PublishOptions>
    <RunParams>
      <FormatVersion Value="2"/>
      <Modes Count="1">
        <Mode0 Name="default"/>
      </Modes>
    </RunParams>
    <RequiredPackages Count="1">
      <Item1>
        <PackageName Value="BrookTardigrade"/>
      </Item1>
    </RequiredPackages>
    <Units Count="2">
      <Unit0>
        <Filename Value="Test_libsagui.dpr"/>
        <IsPartOfProject Value="True"/>
        <IsVisibleTab Value="True"/>
        <UsageCount Value="20"/>
        <Loaded Value="True"/>
      </Unit0>
      <Unit1>
        <Filename Value="Tests.inc"/>
        <IsPartOfProject Value="True"/>
        <UsageCount Value="20"/>
      </Unit1>
    </Units>
  </ProjectOptions>
  <CompilerOptions>
    <Version Value="11"/>
    <Target>
      <Filename Value="Test_libsagui"/>
    </Target>
    <SearchPaths>
      <IncludeFiles Value="$(ProjOutDir);.."/>
      <UnitOutputDirectory Value="lib/$(TargetCPU)-$(TargetOS)"/>
    </SearchPaths>
    <Parsing>
      <SyntaxOptions>
        <IncludeAssertionCode Value="True"/>
      </SyntaxOptions>
    </Parsing>
  </CompilerOptions>
  <Debugging>
    <Exceptions Count="3" IgnoreAll="True">
      <Item1>
        <Name Value="EAbort"/>
      </Item1>
      <Item2>
        <Name Value="ECodetoolError"/>
      </Item2>
      <Item3>
        <Name Value="EFOpenError"/>
      </Item3>
    </Exceptions>
  </Debugging>
</CONFIG>
